// !$*UTF8*$!
{
	archiveVersion = 1;
	classes = {
	};
	objectVersion = 56;
	objects = {

/* Begin PBXBuildFile section */
		5B89E54C2A4DAF7000647FA9 /* JokesTableViewCell.swift in Sources */ = {isa = PBXBuildFile; fileRef = 5B89E54B2A4DAF7000647FA9 /* JokesTableViewCell.swift */; };
		5B89E5502A4DDFCD00647FA9 /* APIManager.swift in Sources */ = {isa = PBXBuildFile; fileRef = 5B89E54F2A4DDFCD00647FA9 /* APIManager.swift */; };
		5B89E5512A4DDFCD00647FA9 /* APIManager.swift in Sources */ = {isa = PBXBuildFile; fileRef = 5B89E54F2A4DDFCD00647FA9 /* APIManager.swift */; };
		5B89E5532A4DE38100647FA9 /* Joke.swift in Sources */ = {isa = PBXBuildFile; fileRef = 5B89E5522A4DE38100647FA9 /* Joke.swift */; };
		5B89E5542A4DE38100647FA9 /* Joke.swift in Sources */ = {isa = PBXBuildFile; fileRef = 5B89E5522A4DE38100647FA9 /* Joke.swift */; };
		5B89E5572A4DE3AF00647FA9 /* Constants.swift in Sources */ = {isa = PBXBuildFile; fileRef = 5B89E5562A4DE3AF00647FA9 /* Constants.swift */; };
		5B89E5582A4DE3AF00647FA9 /* Constants.swift in Sources */ = {isa = PBXBuildFile; fileRef = 5B89E5562A4DE3AF00647FA9 /* Constants.swift */; };
		5B89E55A2A4DE44000647FA9 /* JokePresenter.swift in Sources */ = {isa = PBXBuildFile; fileRef = 5B89E5592A4DE44000647FA9 /* JokePresenter.swift */; };
		5B89E55B2A4DE44000647FA9 /* JokePresenter.swift in Sources */ = {isa = PBXBuildFile; fileRef = 5B89E5592A4DE44000647FA9 /* JokePresenter.swift */; };
		5B89E55D2A4DE6E300647FA9 /* APIService.swift in Sources */ = {isa = PBXBuildFile; fileRef = 5B89E55C2A4DE6E300647FA9 /* APIService.swift */; };
		5B89E55E2A4DE6E300647FA9 /* APIService.swift in Sources */ = {isa = PBXBuildFile; fileRef = 5B89E55C2A4DE6E300647FA9 /* APIService.swift */; };
		5BCBE4F52A4D9A55006A774F /* AppDelegate.swift in Sources */ = {isa = PBXBuildFile; fileRef = 5BCBE4F42A4D9A55006A774F /* AppDelegate.swift */; };
		5BCBE4F72A4D9A55006A774F /* SceneDelegate.swift in Sources */ = {isa = PBXBuildFile; fileRef = 5BCBE4F62A4D9A55006A774F /* SceneDelegate.swift */; };
		5BCBE4F92A4D9A55006A774F /* ViewController.swift in Sources */ = {isa = PBXBuildFile; fileRef = 5BCBE4F82A4D9A55006A774F /* ViewController.swift */; };
		5BCBE4FC2A4D9A55006A774F /* Main.storyboard in Resources */ = {isa = PBXBuildFile; fileRef = 5BCBE4FA2A4D9A55006A774F /* Main.storyboard */; };
		5BCBE4FE2A4D9A59006A774F /* Assets.xcassets in Resources */ = {isa = PBXBuildFile; fileRef = 5BCBE4FD2A4D9A59006A774F /* Assets.xcassets */; };
		5BCBE5012A4D9A59006A774F /* LaunchScreen.storyboard in Resources */ = {isa = PBXBuildFile; fileRef = 5BCBE4FF2A4D9A59006A774F /* LaunchScreen.storyboard */; };
		5BCBE50C2A4D9A59006A774F /* UnlimintDemoTests.swift in Sources */ = {isa = PBXBuildFile; fileRef = 5BCBE50B2A4D9A59006A774F /* UnlimintDemoTests.swift */; };
		5BCBE5162A4D9A59006A774F /* UnlimintDemoUITests.swift in Sources */ = {isa = PBXBuildFile; fileRef = 5BCBE5152A4D9A59006A774F /* UnlimintDemoUITests.swift */; };
		5BCBE5182A4D9A59006A774F /* UnlimintDemoUITestsLaunchTests.swift in Sources */ = {isa = PBXBuildFile; fileRef = 5BCBE5172A4D9A59006A774F /* UnlimintDemoUITestsLaunchTests.swift */; };
/* End PBXBuildFile section */

/* Begin PBXContainerItemProxy section */
		5BCBE5082A4D9A59006A774F /* PBXContainerItemProxy */ = {
			isa = PBXContainerItemProxy;
			containerPortal = 5BCBE4E92A4D9A55006A774F /* Project object */;
			proxyType = 1;
			remoteGlobalIDString = 5BCBE4F02A4D9A55006A774F;
			remoteInfo = UnlimintDemo;
		};
		5BCBE5122A4D9A59006A774F /* PBXContainerItemProxy */ = {
			isa = PBXContainerItemProxy;
			containerPortal = 5BCBE4E92A4D9A55006A774F /* Project object */;
			proxyType = 1;
			remoteGlobalIDString = 5BCBE4F02A4D9A55006A774F;
			remoteInfo = UnlimintDemo;
		};
/* End PBXContainerItemProxy section */

/* Begin PBXFileReference section */
		5B89E54B2A4DAF7000647FA9 /* JokesTableViewCell.swift */ = {isa = PBXFileReference; lastKnownFileType = sourcecode.swift; path = JokesTableViewCell.swift; sourceTree = "<group>"; };
		5B89E54F2A4DDFCD00647FA9 /* APIManager.swift */ = {isa = PBXFileReference; lastKnownFileType = sourcecode.swift; path = APIManager.swift; sourceTree = "<group>"; };
		5B89E5522A4DE38100647FA9 /* Joke.swift */ = {isa = PBXFileReference; lastKnownFileType = sourcecode.swift; path = Joke.swift; sourceTree = "<group>"; };
		5B89E5562A4DE3AF00647FA9 /* Constants.swift */ = {isa = PBXFileReference; lastKnownFileType = sourcecode.swift; path = Constants.swift; sourceTree = "<group>"; };
		5B89E5592A4DE44000647FA9 /* JokePresenter.swift */ = {isa = PBXFileReference; lastKnownFileType = sourcecode.swift; path = JokePresenter.swift; sourceTree = "<group>"; };
		5B89E55C2A4DE6E300647FA9 /* APIService.swift */ = {isa = PBXFileReference; lastKnownFileType = sourcecode.swift; path = APIService.swift; sourceTree = "<group>"; };
		5BCBE4F12A4D9A55006A774F /* UnlimintDemo.app */ = {isa = PBXFileReference; explicitFileType = wrapper.application; includeInIndex = 0; path = UnlimintDemo.app; sourceTree = BUILT_PRODUCTS_DIR; };
		5BCBE4F42A4D9A55006A774F /* AppDelegate.swift */ = {isa = PBXFileReference; lastKnownFileType = sourcecode.swift; path = AppDelegate.swift; sourceTree = "<group>"; };
		5BCBE4F62A4D9A55006A774F /* SceneDelegate.swift */ = {isa = PBXFileReference; lastKnownFileType = sourcecode.swift; path = SceneDelegate.swift; sourceTree = "<group>"; };
		5BCBE4F82A4D9A55006A774F /* ViewController.swift */ = {isa = PBXFileReference; lastKnownFileType = sourcecode.swift; path = ViewController.swift; sourceTree = "<group>"; };
		5BCBE4FB2A4D9A55006A774F /* Base */ = {isa = PBXFileReference; lastKnownFileType = file.storyboard; name = Base; path = Base.lproj/Main.storyboard; sourceTree = "<group>"; };
		5BCBE4FD2A4D9A59006A774F /* Assets.xcassets */ = {isa = PBXFileReference; lastKnownFileType = folder.assetcatalog; path = Assets.xcassets; sourceTree = "<group>"; };
		5BCBE5002A4D9A59006A774F /* Base */ = {isa = PBXFileReference; lastKnownFileType = file.storyboard; name = Base; path = Base.lproj/LaunchScreen.storyboard; sourceTree = "<group>"; };
		5BCBE5022A4D9A59006A774F /* Info.plist */ = {isa = PBXFileReference; lastKnownFileType = text.plist.xml; path = Info.plist; sourceTree = "<group>"; };
		5BCBE5072A4D9A59006A774F /* UnlimintDemoTests.xctest */ = {isa = PBXFileReference; explicitFileType = wrapper.cfbundle; includeInIndex = 0; path = UnlimintDemoTests.xctest; sourceTree = BUILT_PRODUCTS_DIR; };
		5BCBE50B2A4D9A59006A774F /* UnlimintDemoTests.swift */ = {isa = PBXFileReference; lastKnownFileType = sourcecode.swift; path = UnlimintDemoTests.swift; sourceTree = "<group>"; };
		5BCBE5112A4D9A59006A774F /* UnlimintDemoUITests.xctest */ = {isa = PBXFileReference; explicitFileType = wrapper.cfbundle; includeInIndex = 0; path = UnlimintDemoUITests.xctest; sourceTree = BUILT_PRODUCTS_DIR; };
		5BCBE5152A4D9A59006A774F /* UnlimintDemoUITests.swift */ = {isa = PBXFileReference; lastKnownFileType = sourcecode.swift; path = UnlimintDemoUITests.swift; sourceTree = "<group>"; };
		5BCBE5172A4D9A59006A774F /* UnlimintDemoUITestsLaunchTests.swift */ = {isa = PBXFileReference; lastKnownFileType = sourcecode.swift; path = UnlimintDemoUITestsLaunchTests.swift; sourceTree = "<group>"; };
/* End PBXFileReference section */

/* Begin PBXFrameworksBuildPhase section */
		5BCBE4EE2A4D9A55006A774F /* Frameworks */ = {
			isa = PBXFrameworksBuildPhase;
			buildActionMask = 2147483647;
			files = (
			);
			runOnlyForDeploymentPostprocessing = 0;
		};
		5BCBE5042A4D9A59006A774F /* Frameworks */ = {
			isa = PBXFrameworksBuildPhase;
			buildActionMask = 2147483647;
			files = (
			);
			runOnlyForDeploymentPostprocessing = 0;
		};
		5BCBE50E2A4D9A59006A774F /* Frameworks */ = {
			isa = PBXFrameworksBuildPhase;
			buildActionMask = 2147483647;
			files = (
			);
			runOnlyForDeploymentPostprocessing = 0;
		};
/* End PBXFrameworksBuildPhase section */

/* Begin PBXGroup section */
		5B89E5452A4DA67900647FA9 /* Support Files */ = {
			isa = PBXGroup;
			children = (
				5BCBE4F42A4D9A55006A774F /* AppDelegate.swift */,
				5BCBE4F62A4D9A55006A774F /* SceneDelegate.swift */,
				5BCBE5022A4D9A59006A774F /* Info.plist */,
			);
			path = "Support Files";
			sourceTree = "<group>";
		};
		5B89E5462A4DA6BF00647FA9 /* View Controllers */ = {
			isa = PBXGroup;
			children = (
				5B89E54A2A4DAF4C00647FA9 /* Views */,
				5B89E5472A4DA6D300647FA9 /* Controllers */,
				5BCBE4FA2A4D9A55006A774F /* Main.storyboard */,
				5BCBE4FF2A4D9A59006A774F /* LaunchScreen.storyboard */,
			);
			path = "View Controllers";
			sourceTree = "<group>";
		};
		5B89E5472A4DA6D300647FA9 /* Controllers */ = {
			isa = PBXGroup;
			children = (
				5BCBE4F82A4D9A55006A774F /* ViewController.swift */,
			);
			path = Controllers;
			sourceTree = "<group>";
		};
		5B89E5482A4DA75C00647FA9 /* Models */ = {
			isa = PBXGroup;
			children = (
				5B89E5522A4DE38100647FA9 /* Joke.swift */,
			);
			path = Models;
			sourceTree = "<group>";
		};
		5B89E5492A4DA76300647FA9 /* Presenter */ = {
			isa = PBXGroup;
			children = (
				5B89E5592A4DE44000647FA9 /* JokePresenter.swift */,
			);
			path = Presenter;
			sourceTree = "<group>";
		};
		5B89E54A2A4DAF4C00647FA9 /* Views */ = {
			isa = PBXGroup;
			children = (
				5B89E54B2A4DAF7000647FA9 /* JokesTableViewCell.swift */,
			);
			path = Views;
			sourceTree = "<group>";
		};
		5B89E54D2A4DD32D00647FA9 /* Networking */ = {
			isa = PBXGroup;
			children = (
				5B89E54F2A4DDFCD00647FA9 /* APIManager.swift */,
				5B89E55C2A4DE6E300647FA9 /* APIService.swift */,
			);
			path = Networking;
			sourceTree = "<group>";
		};
		5B89E5552A4DE39400647FA9 /* Utilities */ = {
			isa = PBXGroup;
			children = (
				5B89E5562A4DE3AF00647FA9 /* Constants.swift */,
			);
			path = Utilities;
			sourceTree = "<group>";
		};
		5BCBE4E82A4D9A55006A774F = {
			isa = PBXGroup;
			children = (
				5BCBE4F32A4D9A55006A774F /* UnlimintDemo */,
				5BCBE50A2A4D9A59006A774F /* UnlimintDemoTests */,
				5BCBE5142A4D9A59006A774F /* UnlimintDemoUITests */,
				5BCBE4F22A4D9A55006A774F /* Products */,
			);
			sourceTree = "<group>";
		};
		5BCBE4F22A4D9A55006A774F /* Products */ = {
			isa = PBXGroup;
			children = (
				5BCBE4F12A4D9A55006A774F /* UnlimintDemo.app */,
				5BCBE5072A4D9A59006A774F /* UnlimintDemoTests.xctest */,
				5BCBE5112A4D9A59006A774F /* UnlimintDemoUITests.xctest */,
			);
			name = Products;
			sourceTree = "<group>";
		};
		5BCBE4F32A4D9A55006A774F /* UnlimintDemo */ = {
			isa = PBXGroup;
			children = (
				5B89E5552A4DE39400647FA9 /* Utilities */,
				5B89E54D2A4DD32D00647FA9 /* Networking */,
				5B89E5492A4DA76300647FA9 /* Presenter */,
				5B89E5482A4DA75C00647FA9 /* Models */,
				5B89E5452A4DA67900647FA9 /* Support Files */,
				5B89E5462A4DA6BF00647FA9 /* View Controllers */,
				5BCBE4FD2A4D9A59006A774F /* Assets.xcassets */,
			);
			path = UnlimintDemo;
			sourceTree = "<group>";
		};
		5BCBE50A2A4D9A59006A774F /* UnlimintDemoTests */ = {
			isa = PBXGroup;
			children = (
				5BCBE50B2A4D9A59006A774F /* UnlimintDemoTests.swift */,
			);
			path = UnlimintDemoTests;
			sourceTree = "<group>";
		};
		5BCBE5142A4D9A59006A774F /* UnlimintDemoUITests */ = {
			isa = PBXGroup;
			children = (
				5BCBE5152A4D9A59006A774F /* UnlimintDemoUITests.swift */,
				5BCBE5172A4D9A59006A774F /* UnlimintDemoUITestsLaunchTests.swift */,
			);
			path = UnlimintDemoUITests;
			sourceTree = "<group>";
		};
/* End PBXGroup section */

/* Begin PBXNativeTarget section */
		5BCBE4F02A4D9A55006A774F /* UnlimintDemo */ = {
			isa = PBXNativeTarget;
			buildConfigurationList = 5BCBE51B2A4D9A59006A774F /* Build configuration list for PBXNativeTarget "UnlimintDemo" */;
			buildPhases = (
				5BCBE4ED2A4D9A55006A774F /* Sources */,
				5BCBE4EE2A4D9A55006A774F /* Frameworks */,
				5BCBE4EF2A4D9A55006A774F /* Resources */,
			);
			buildRules = (
			);
			dependencies = (
			);
			name = UnlimintDemo;
			productName = UnlimintDemo;
			productReference = 5BCBE4F12A4D9A55006A774F /* UnlimintDemo.app */;
			productType = "com.apple.product-type.application";
		};
		5BCBE5062A4D9A59006A774F /* UnlimintDemoTests */ = {
			isa = PBXNativeTarget;
			buildConfigurationList = 5BCBE51E2A4D9A59006A774F /* Build configuration list for PBXNativeTarget "UnlimintDemoTests" */;
			buildPhases = (
				5BCBE5032A4D9A59006A774F /* Sources */,
				5BCBE5042A4D9A59006A774F /* Frameworks */,
				5BCBE5052A4D9A59006A774F /* Resources */,
			);
			buildRules = (
			);
			dependencies = (
				5BCBE5092A4D9A59006A774F /* PBXTargetDependency */,
			);
			name = UnlimintDemoTests;
			productName = UnlimintDemoTests;
			productReference = 5BCBE5072A4D9A59006A774F /* UnlimintDemoTests.xctest */;
			productType = "com.apple.product-type.bundle.unit-test";
		};
		5BCBE5102A4D9A59006A774F /* UnlimintDemoUITests */ = {
			isa = PBXNativeTarget;
			buildConfigurationList = 5BCBE5212A4D9A59006A774F /* Build configuration list for PBXNativeTarget "UnlimintDemoUITests" */;
			buildPhases = (
				5BCBE50D2A4D9A59006A774F /* Sources */,
				5BCBE50E2A4D9A59006A774F /* Frameworks */,
				5BCBE50F2A4D9A59006A774F /* Resources */,
			);
			buildRules = (
			);
			dependencies = (
				5BCBE5132A4D9A59006A774F /* PBXTargetDependency */,
			);
			name = UnlimintDemoUITests;
			productName = UnlimintDemoUITests;
			productReference = 5BCBE5112A4D9A59006A774F /* UnlimintDemoUITests.xctest */;
			productType = "com.apple.product-type.bundle.ui-testing";
		};
/* End PBXNativeTarget section */

/* Begin PBXProject section */
		5BCBE4E92A4D9A55006A774F /* Project object */ = {
			isa = PBXProject;
			attributes = {
				BuildIndependentTargetsInParallel = 1;
				LastSwiftUpdateCheck = 1410;
				LastUpgradeCheck = 1410;
				TargetAttributes = {
					5BCBE4F02A4D9A55006A774F = {
						CreatedOnToolsVersion = 14.1;
					};
					5BCBE5062A4D9A59006A774F = {
						CreatedOnToolsVersion = 14.1;
						TestTargetID = 5BCBE4F02A4D9A55006A774F;
					};
					5BCBE5102A4D9A59006A774F = {
						CreatedOnToolsVersion = 14.1;
						TestTargetID = 5BCBE4F02A4D9A55006A774F;
					};
				};
			};
			buildConfigurationList = 5BCBE4EC2A4D9A55006A774F /* Build configuration list for PBXProject "UnlimintDemo" */;
			compatibilityVersion = "Xcode 14.0";
			developmentRegion = en;
			hasScannedForEncodings = 0;
			knownRegions = (
				en,
				Base,
			);
			mainGroup = 5BCBE4E82A4D9A55006A774F;
			productRefGroup = 5BCBE4F22A4D9A55006A774F /* Products */;
			projectDirPath = "";
			projectRoot = "";
			targets = (
				5BCBE4F02A4D9A55006A774F /* UnlimintDemo */,
				5BCBE5062A4D9A59006A774F /* UnlimintDemoTests */,
				5BCBE5102A4D9A59006A774F /* UnlimintDemoUITests */,
			);
		};
/* End PBXProject section */

/* Begin PBXResourcesBuildPhase section */
		5BCBE4EF2A4D9A55006A774F /* Resources */ = {
			isa = PBXResourcesBuildPhase;
			buildActionMask = 2147483647;
			files = (
				5BCBE5012A4D9A59006A774F /* LaunchScreen.storyboard in Resources */,
				5BCBE4FE2A4D9A59006A774F /* Assets.xcassets in Resources */,
				5BCBE4FC2A4D9A55006A774F /* Main.storyboard in Resources */,
			);
			runOnlyForDeploymentPostprocessing = 0;
		};
		5BCBE5052A4D9A59006A774F /* Resources */ = {
			isa = PBXResourcesBuildPhase;
			buildActionMask = 2147483647;
			files = (
			);
			runOnlyForDeploymentPostprocessing = 0;
		};
		5BCBE50F2A4D9A59006A774F /* Resources */ = {
			isa = PBXResourcesBuildPhase;
			buildActionMask = 2147483647;
			files = (
			);
			runOnlyForDeploymentPostprocessing = 0;
		};
/* End PBXResourcesBuildPhase section */

/* Begin PBXSourcesBuildPhase section */
		5BCBE4ED2A4D9A55006A774F /* Sources */ = {
			isa = PBXSourcesBuildPhase;
			buildActionMask = 2147483647;
			files = (
				5BCBE4F92A4D9A55006A774F /* ViewController.swift in Sources */,
				5BCBE4F52A4D9A55006A774F /* AppDelegate.swift in Sources */,
				5B89E5532A4DE38100647FA9 /* Joke.swift in Sources */,
				5B89E5502A4DDFCD00647FA9 /* APIManager.swift in Sources */,
				5B89E5572A4DE3AF00647FA9 /* Constants.swift in Sources */,
				5B89E54C2A4DAF7000647FA9 /* JokesTableViewCell.swift in Sources */,
				5BCBE4F72A4D9A55006A774F /* SceneDelegate.swift in Sources */,
				5B89E55D2A4DE6E300647FA9 /* APIService.swift in Sources */,
				5B89E55A2A4DE44000647FA9 /* JokePresenter.swift in Sources */,
			);
			runOnlyForDeploymentPostprocessing = 0;
		};
		5BCBE5032A4D9A59006A774F /* Sources */ = {
			isa = PBXSourcesBuildPhase;
			buildActionMask = 2147483647;
			files = (
				5B89E55B2A4DE44000647FA9 /* JokePresenter.swift in Sources */,
				5B89E5512A4DDFCD00647FA9 /* APIManager.swift in Sources */,
				5BCBE50C2A4D9A59006A774F /* UnlimintDemoTests.swift in Sources */,
				5B89E5542A4DE38100647FA9 /* Joke.swift in Sources */,
				5B89E55E2A4DE6E300647FA9 /* APIService.swift in Sources */,
				5B89E5582A4DE3AF00647FA9 /* Constants.swift in Sources */,
			);
			runOnlyForDeploymentPostprocessing = 0;
		};
		5BCBE50D2A4D9A59006A774F /* Sources */ = {
			isa = PBXSourcesBuildPhase;
			buildActionMask = 2147483647;
			files = (
				5BCBE5162A4D9A59006A774F /* UnlimintDemoUITests.swift in Sources */,
				5BCBE5182A4D9A59006A774F /* UnlimintDemoUITestsLaunchTests.swift in Sources */,
			);
			runOnlyForDeploymentPostprocessing = 0;
		};
/* End PBXSourcesBuildPhase section */

/* Begin PBXTargetDependency section */
		5BCBE5092A4D9A59006A774F /* PBXTargetDependency */ = {
			isa = PBXTargetDependency;
			target = 5BCBE4F02A4D9A55006A774F /* UnlimintDemo */;
			targetProxy = 5BCBE5082A4D9A59006A774F /* PBXContainerItemProxy */;
		};
		5BCBE5132A4D9A59006A774F /* PBXTargetDependency */ = {
			isa = PBXTargetDependency;
			target = 5BCBE4F02A4D9A55006A774F /* UnlimintDemo */;
			targetProxy = 5BCBE5122A4D9A59006A774F /* PBXContainerItemProxy */;
		};
/* End PBXTargetDependency section */

/* Begin PBXVariantGroup section */
		5BCBE4FA2A4D9A55006A774F /* Main.storyboard */ = {
			isa = PBXVariantGroup;
			children = (
				5BCBE4FB2A4D9A55006A774F /* Base */,
			);
			name = Main.storyboard;
			sourceTree = "<group>";
		};
		5BCBE4FF2A4D9A59006A774F /* LaunchScreen.storyboard */ = {
			isa = PBXVariantGroup;
			children = (
				5BCBE5002A4D9A59006A774F /* Base */,
			);
			name = LaunchScreen.storyboard;
			sourceTree = "<group>";
		};
/* End PBXVariantGroup section */

/* Begin XCBuildConfiguration section */
		5BCBE5192A4D9A59006A774F /* Debug */ = {
			isa = XCBuildConfiguration;
			buildSettings = {
				ALWAYS_SEARCH_USER_PATHS = NO;
				CLANG_ANALYZER_NONNULL = YES;
				CLANG_ANALYZER_NUMBER_OBJECT_CONVERSION = YES_AGGRESSIVE;
				CLANG_CXX_LANGUAGE_STANDARD = "gnu++20";
				CLANG_ENABLE_MODULES = YES;
				CLANG_ENABLE_OBJC_ARC = YES;
				CLANG_ENABLE_OBJC_WEAK = YES;
				CLANG_WARN_BLOCK_CAPTURE_AUTORELEASING = YES;
				CLANG_WARN_BOOL_CONVERSION = YES;
				CLANG_WARN_COMMA = YES;
				CLANG_WARN_CONSTANT_CONVERSION = YES;
				CLANG_WARN_DEPRECATED_OBJC_IMPLEMENTATIONS = YES;
				CLANG_WARN_DIRECT_OBJC_ISA_USAGE = YES_ERROR;
				CLANG_WARN_DOCUMENTATION_COMMENTS = YES;
				CLANG_WARN_EMPTY_BODY = YES;
				CLANG_WARN_ENUM_CONVERSION = YES;
				CLANG_WARN_INFINITE_RECURSION = YES;
				CLANG_WARN_INT_CONVERSION = YES;
				CLANG_WARN_NON_LITERAL_NULL_CONVERSION = YES;
				CLANG_WARN_OBJC_IMPLICIT_RETAIN_SELF = YES;
				CLANG_WARN_OBJC_LITERAL_CONVERSION = YES;
				CLANG_WARN_OBJC_ROOT_CLASS = YES_ERROR;
				CLANG_WARN_QUOTED_INCLUDE_IN_FRAMEWORK_HEADER = YES;
				CLANG_WARN_RANGE_LOOP_ANALYSIS = YES;
				CLANG_WARN_STRICT_PROTOTYPES = YES;
				CLANG_WARN_SUSPICIOUS_MOVE = YES;
				CLANG_WARN_UNGUARDED_AVAILABILITY = YES_AGGRESSIVE;
				CLANG_WARN_UNREACHABLE_CODE = YES;
				CLANG_WARN__DUPLICATE_METHOD_MATCH = YES;
				COPY_PHASE_STRIP = NO;
				DEBUG_INFORMATION_FORMAT = dwarf;
				ENABLE_STRICT_OBJC_MSGSEND = YES;
				ENABLE_TESTABILITY = YES;
				GCC_C_LANGUAGE_STANDARD = gnu11;
				GCC_DYNAMIC_NO_PIC = NO;
				GCC_NO_COMMON_BLOCKS = YES;
				GCC_OPTIMIZATION_LEVEL = 0;
				GCC_PREPROCESSOR_DEFINITIONS = (
					"DEBUG=1",
					"$(inherited)",
				);
				GCC_WARN_64_TO_32_BIT_CONVERSION = YES;
				GCC_WARN_ABOUT_RETURN_TYPE = YES_ERROR;
				GCC_WARN_UNDECLARED_SELECTOR = YES;
				GCC_WARN_UNINITIALIZED_AUTOS = YES_AGGRESSIVE;
				GCC_WARN_UNUSED_FUNCTION = YES;
				GCC_WARN_UNUSED_VARIABLE = YES;
				IPHONEOS_DEPLOYMENT_TARGET = 16.1;
				MTL_ENABLE_DEBUG_INFO = INCLUDE_SOURCE;
				MTL_FAST_MATH = YES;
				ONLY_ACTIVE_ARCH = YES;
				SDKROOT = iphoneos;
				SWIFT_ACTIVE_COMPILATION_CONDITIONS = DEBUG;
				SWIFT_OPTIMIZATION_LEVEL = "-Onone";
			};
			name = Debug;
		};
		5BCBE51A2A4D9A59006A774F /* Release */ = {
			isa = XCBuildConfiguration;
			buildSettings = {
				ALWAYS_SEARCH_USER_PATHS = NO;
				CLANG_ANALYZER_NONNULL = YES;
				CLANG_ANALYZER_NUMBER_OBJECT_CONVERSION = YES_AGGRESSIVE;
				CLANG_CXX_LANGUAGE_STANDARD = "gnu++20";
				CLANG_ENABLE_MODULES = YES;
				CLANG_ENABLE_OBJC_ARC = YES;
				CLANG_ENABLE_OBJC_WEAK = YES;
				CLANG_WARN_BLOCK_CAPTURE_AUTORELEASING = YES;
				CLANG_WARN_BOOL_CONVERSION = YES;
				CLANG_WARN_COMMA = YES;
				CLANG_WARN_CONSTANT_CONVERSION = YES;
				CLANG_WARN_DEPRECATED_OBJC_IMPLEMENTATIONS = YES;
				CLANG_WARN_DIRECT_OBJC_ISA_USAGE = YES_ERROR;
				CLANG_WARN_DOCUMENTATION_COMMENTS = YES;
				CLANG_WARN_EMPTY_BODY = YES;
				CLANG_WARN_ENUM_CONVERSION = YES;
				CLANG_WARN_INFINITE_RECURSION = YES;
				CLANG_WARN_INT_CONVERSION = YES;
				CLANG_WARN_NON_LITERAL_NULL_CONVERSION = YES;
				CLANG_WARN_OBJC_IMPLICIT_RETAIN_SELF = YES;
				CLANG_WARN_OBJC_LITERAL_CONVERSION = YES;
				CLANG_WARN_OBJC_ROOT_CLASS = YES_ERROR;
				CLANG_WARN_QUOTED_INCLUDE_IN_FRAMEWORK_HEADER = YES;
				CLANG_WARN_RANGE_LOOP_ANALYSIS = YES;
				CLANG_WARN_STRICT_PROTOTYPES = YES;
				CLANG_WARN_SUSPICIOUS_MOVE = YES;
				CLANG_WARN_UNGUARDED_AVAILABILITY = YES_AGGRESSIVE;
				CLANG_WARN_UNREACHABLE_CODE = YES;
				CLANG_WARN__DUPLICATE_METHOD_MATCH = YES;
				COPY_PHASE_STRIP = NO;
				DEBUG_INFORMATION_FORMAT = "dwarf-with-dsym";
				ENABLE_NS_ASSERTIONS = NO;
				ENABLE_STRICT_OBJC_MSGSEND = YES;
				GCC_C_LANGUAGE_STANDARD = gnu11;
				GCC_NO_COMMON_BLOCKS = YES;
				GCC_WARN_64_TO_32_BIT_CONVERSION = YES;
				GCC_WARN_ABOUT_RETURN_TYPE = YES_ERROR;
				GCC_WARN_UNDECLARED_SELECTOR = YES;
				GCC_WARN_UNINITIALIZED_AUTOS = YES_AGGRESSIVE;
				GCC_WARN_UNUSED_FUNCTION = YES;
				GCC_WARN_UNUSED_VARIABLE = YES;
				IPHONEOS_DEPLOYMENT_TARGET = 16.1;
				MTL_ENABLE_DEBUG_INFO = NO;
				MTL_FAST_MATH = YES;
				SDKROOT = iphoneos;
				SWIFT_COMPILATION_MODE = wholemodule;
				SWIFT_OPTIMIZATION_LEVEL = "-O";
				VALIDATE_PRODUCT = YES;
			};
			name = Release;
		};
		5BCBE51C2A4D9A59006A774F /* Debug */ = {
			isa = XCBuildConfiguration;
			buildSettings = {
				ASSETCATALOG_COMPILER_APPICON_NAME = AppIcon;
				ASSETCATALOG_COMPILER_GLOBAL_ACCENT_COLOR_NAME = AccentColor;
				CODE_SIGN_STYLE = Automatic;
				CURRENT_PROJECT_VERSION = 1;
				GENERATE_INFOPLIST_FILE = YES;
				INFOPLIST_FILE = "UnlimintDemo/Support Files/Info.plist";
				INFOPLIST_KEY_UIApplicationSupportsIndirectInputEvents = YES;
				INFOPLIST_KEY_UILaunchStoryboardName = LaunchScreen;
				INFOPLIST_KEY_UIMainStoryboardFile = Main;
				INFOPLIST_KEY_UISupportedInterfaceOrientations_iPad = "UIInterfaceOrientationPortrait UIInterfaceOrientationPortraitUpsideDown UIInterfaceOrientationLandscapeLeft UIInterfaceOrientationLandscapeRight";
				INFOPLIST_KEY_UISupportedInterfaceOrientations_iPhone = "UIInterfaceOrientationPortrait UIInterfaceOrientationLandscapeLeft UIInterfaceOrientationLandscapeRight";
				IPHONEOS_DEPLOYMENT_TARGET = 13.0;
				LD_RUNPATH_SEARCH_PATHS = (
					"$(inherited)",
					"@executable_path/Frameworks",
				);
				MARKETING_VERSION = 1.0;
				PRODUCT_BUNDLE_IDENTIFIER = com.ios.swift.UnlimintDemo;
				PRODUCT_NAME = "$(TARGET_NAME)";
				SWIFT_EMIT_LOC_STRINGS = YES;
				SWIFT_VERSION = 5.0;
				TARGETED_DEVICE_FAMILY = "1,2";
			};
			name = Debug;
		};
		5BCBE51D2A4D9A59006A774F /* Release */ = {
			isa = XCBuildConfiguration;
			buildSettings = {
				ASSETCATALOG_COMPILER_APPICON_NAME = AppIcon;
				ASSETCATALOG_COMPILER_GLOBAL_ACCENT_COLOR_NAME = AccentColor;
				CODE_SIGN_STYLE = Automatic;
				CURRENT_PROJECT_VERSION = 1;
				GENERATE_INFOPLIST_FILE = YES;
				INFOPLIST_FILE = "UnlimintDemo/Support Files/Info.plist";
				INFOPLIST_KEY_UIApplicationSupportsIndirectInputEvents = YES;
				INFOPLIST_KEY_UILaunchStoryboardName = LaunchScreen;
				INFOPLIST_KEY_UIMainStoryboardFile = Main;
				INFOPLIST_KEY_UISupportedInterfaceOrientations_iPad = "UIInterfaceOrientationPortrait UIInterfaceOrientationPortraitUpsideDown UIInterfaceOrientationLandscapeLeft UIInterfaceOrientationLandscapeRight";
				INFOPLIST_KEY_UISupportedInterfaceOrientations_iPhone = "UIInterfaceOrientationPortrait UIInterfaceOrientationLandscapeLeft UIInterfaceOrientationLandscapeRight";
				IPHONEOS_DEPLOYMENT_TARGET = 13.0;
				LD_RUNPATH_SEARCH_PATHS = (
					"$(inherited)",
					"@executable_path/Frameworks",
				);
				MARKETING_VERSION = 1.0;
				PRODUCT_BUNDLE_IDENTIFIER = com.ios.swift.UnlimintDemo;
				PRODUCT_NAME = "$(TARGET_NAME)";
				SWIFT_EMIT_LOC_STRINGS = YES;
				SWIFT_VERSION = 5.0;
				TARGETED_DEVICE_FAMILY = "1,2";
			};
			name = Release;
		};
		5BCBE51F2A4D9A59006A774F /* Debug */ = {
			isa = XCBuildConfiguration;
			buildSettings = {
				ALWAYS_EMBED_SWIFT_STANDARD_LIBRARIES = YES;
				BUNDLE_LOADER = "$(TEST_HOST)";
				CODE_SIGN_STYLE = Automatic;
				CURRENT_PROJECT_VERSION = 1;
				GENERATE_INFOPLIST_FILE = YES;
				IPHONEOS_DEPLOYMENT_TARGET = 16.1;
				MARKETING_VERSION = 1.0;
				PRODUCT_BUNDLE_IDENTIFIER = com.ios.swift.UnlimintDemoTests;
				PRODUCT_NAME = "$(TARGET_NAME)";
				SWIFT_EMIT_LOC_STRINGS = NO;
				SWIFT_VERSION = 5.0;
				TARGETED_DEVICE_FAMILY = "1,2";
				TEST_HOST = "$(BUILT_PRODUCTS_DIR)/UnlimintDemo.app/$(BUNDLE_EXECUTABLE_FOLDER_PATH)/UnlimintDemo";
			};
			name = Debug;
		};
		5BCBE5202A4D9A59006A774F /* Release */ = {
			isa = XCBuildConfiguration;
			buildSettings = {
				ALWAYS_EMBED_SWIFT_STANDARD_LIBRARIES = YES;
				BUNDLE_LOADER = "$(TEST_HOST)";
				CODE_SIGN_STYLE = Automatic;
				CURRENT_PROJECT_VERSION = 1;
				GENERATE_INFOPLIST_FILE = YES;
				IPHONEOS_DEPLOYMENT_TARGET = 16.1;
				MARKETING_VERSION = 1.0;
				PRODUCT_BUNDLE_IDENTIFIER = com.ios.swift.UnlimintDemoTests;
				PRODUCT_NAME = "$(TARGET_NAME)";
				SWIFT_EMIT_LOC_STRINGS = NO;
				SWIFT_VERSION = 5.0;
				TARGETED_DEVICE_FAMILY = "1,2";
				TEST_HOST = "$(BUILT_PRODUCTS_DIR)/UnlimintDemo.app/$(BUNDLE_EXECUTABLE_FOLDER_PATH)/UnlimintDemo";
			};
			name = Release;
		};
		5BCBE5222A4D9A59006A774F /* Debug */ = {
			isa = XCBuildConfiguration;
			buildSettings = {
				ALWAYS_EMBED_SWIFT_STANDARD_LIBRARIES = YES;
				CODE_SIGN_STYLE = Automatic;
				CURRENT_PROJECT_VERSION = 1;
				GENERATE_INFOPLIST_FILE = YES;
				MARKETING_VERSION = 1.0;
				PRODUCT_BUNDLE_IDENTIFIER = com.ios.swift.UnlimintDemoUITests;
				PRODUCT_NAME = "$(TARGET_NAME)";
				SWIFT_EMIT_LOC_STRINGS = NO;
				SWIFT_VERSION = 5.0;
				TARGETED_DEVICE_FAMILY = "1,2";
				TEST_TARGET_NAME = UnlimintDemo;
			};
			name = Debug;
		};
		5BCBE5232A4D9A59006A774F /* Release */ = {
			isa = XCBuildConfiguration;
			buildSettings = {
				ALWAYS_EMBED_SWIFT_STANDARD_LIBRARIES = YES;
				CODE_SIGN_STYLE = Automatic;
				CURRENT_PROJECT_VERSION = 1;
				GENERATE_INFOPLIST_FILE = YES;
				MARKETING_VERSION = 1.0;
				PRODUCT_BUNDLE_IDENTIFIER = com.ios.swift.UnlimintDemoUITests;
				PRODUCT_NAME = "$(TARGET_NAME)";
				SWIFT_EMIT_LOC_STRINGS = NO;
				SWIFT_VERSION = 5.0;
				TARGETED_DEVICE_FAMILY = "1,2";
				TEST_TARGET_NAME = UnlimintDemo;
			};
			name = Release;
		};
/* End XCBuildConfiguration section */

/* Begin XCConfigurationList section */
		5BCBE4EC2A4D9A55006A774F /* Build configuration list for PBXProject "UnlimintDemo" */ = {
			isa = XCConfigurationList;
			buildConfigurations = (
				5BCBE5192A4D9A59006A774F /* Debug */,
				5BCBE51A2A4D9A59006A774F /* Release */,
			);
			defaultConfigurationIsVisible = 0;
			defaultConfigurationName = Release;
		};
		5BCBE51B2A4D9A59006A774F /* Build configuration list for PBXNativeTarget "UnlimintDemo" */ = {
			isa = XCConfigurationList;
			buildConfigurations = (
				5BCBE51C2A4D9A59006A774F /* Debug */,
				5BCBE51D2A4D9A59006A774F /* Release */,
			);
			defaultConfigurationIsVisible = 0;
			defaultConfigurationName = Release;
		};
		5BCBE51E2A4D9A59006A774F /* Build configuration list for PBXNativeTarget "UnlimintDemoTests" */ = {
			isa = XCConfigurationList;
			buildConfigurations = (
				5BCBE51F2A4D9A59006A774F /* Debug */,
				5BCBE5202A4D9A59006A774F /* Release */,
			);
			defaultConfigurationIsVisible = 0;
			defaultConfigurationName = Release;
		};
		5BCBE5212A4D9A59006A774F /* Build configuration list for PBXNativeTarget "UnlimintDemoUITests" */ = {
			isa = XCConfigurationList;
			buildConfigurations = (
				5BCBE5222A4D9A59006A774F /* Debug */,
				5BCBE5232A4D9A59006A774F /* Release */,
			);
			defaultConfigurationIsVisible = 0;
			defaultConfigurationName = Release;
		};
/* End XCConfigurationList section */
	};
	rootObject = 5BCBE4E92A4D9A55006A774F /* Project object */;
}
